
Microsoft Visual Studio Solution File, Format Version 12.00
# Visual Studio Version 17
VisualStudioVersion = 17.5.33627.172
MinimumVisualStudioVersion = 10.0.40219.1
Project("{FAE04EC0-301F-11D3-BF4B-00C04F79EFBC}") = "fingernet_example_app", "fingernet_example_app.csproj", "{D5663479-8DFE-41CD-8A0F-0B2B0324D922}"
EndProject
Global
	GlobalSection(SolutionConfigurationPlatforms) = preSolution
		Debug|Any CPU = Debug|Any CPU
		Release|Any CPU = Release|Any CPU
	EndGlobalSection
	GlobalSection(ProjectConfigurationPlatforms) = postSolution
		{D5663479-8DFE-41CD-8A0F-0B2B0324D922}.Debug|Any CPU.ActiveCfg = Debug|Any CPU
		{D5663479-8DFE-41CD-8A0F-0B2B0324D922}.Debug|Any CPU.Build.0 = Debug|Any CPU
		{D5663479-8DFE-41CD-8A0F-0B2B0324D922}.Release|Any CPU.ActiveCfg = Release|Any CPU
		{D5663479-8DFE-41CD-8A0F-0B2B0324D922}.Release|Any CPU.Build.0 = Release|Any CPU
	EndGlobalSection
	GlobalSection(SolutionProperties) = preSolution
		HideSolutionNode = FALSE
	EndGlobalSection
	GlobalSection(ExtensibilityGlobals) = postSolution
		SolutionGuid = {23CB3954-79DD-4CFE-8FD9-85B27D454EED}
	EndGlobalSection
EndGlobal
